
Microsoft Visual Studio Solution File, Format Version 12.00
# Visual Studio 15
VisualStudioVersion = 15.0.28307.168
MinimumVisualStudioVersion = 10.0.40219.1
Project("{FAE04EC0-301F-11D3-BF4B-00C04F79EFBC}") = "TabViewSample.Android", "TabViewSample\TabViewSample.Android\TabViewSample.Android.csproj", "{4A944136-111C-40B9-AFE7-73B0B2FB64E0}"
EndProject
Project("{FAE04EC0-301F-11D3-BF4B-00C04F79EFBC}") = "TabViewSample.iOS", "TabViewSample\TabViewSample.iOS\TabViewSample.iOS.csproj", "{9263F5A7-0884-4284-A42C-A65F3EC53B30}"
EndProject
Project("{FAE04EC0-301F-11D3-BF4B-00C04F79EFBC}") = "TabViewSample.UWP", "TabViewSample\TabViewSample.UWP\TabViewSample.UWP.csproj", "{962CA02A-CAC2-439E-BB41-59A0BB428A22}"
EndProject
Project("{9A19103F-16F7-4668-BE54-9A1E7A4F7556}") = "TabViewSample", "TabViewSample\TabViewSample\TabViewSample.csproj", "{D029BD7A-FE1A-4E19-9D12-0452A8A614A4}"
EndProject
Global
	GlobalSection(SolutionConfigurationPlatforms) = preSolution
		Ad-Hoc|Any CPU = Ad-Hoc|Any CPU
		Ad-Hoc|ARM = Ad-Hoc|ARM
		Ad-Hoc|iPhone = Ad-Hoc|iPhone
		Ad-Hoc|iPhoneSimulator = Ad-Hoc|iPhoneSimulator
		Ad-Hoc|x64 = Ad-Hoc|x64
		Ad-Hoc|x86 = Ad-Hoc|x86
		AppStore|Any CPU = AppStore|Any CPU
		AppStore|ARM = AppStore|ARM
		AppStore|iPhone = AppStore|iPhone
		AppStore|iPhoneSimulator = AppStore|iPhoneSimulator
		AppStore|x64 = AppStore|x64
		AppStore|x86 = AppStore|x86
		Debug|Any CPU = Debug|Any CPU
		Debug|ARM = Debug|ARM
		Debug|iPhone = Debug|iPhone
		Debug|iPhoneSimulator = Debug|iPhoneSimulator
		Debug|x64 = Debug|x64
		Debug|x86 = Debug|x86
		Release|Any CPU = Release|Any CPU
		Release|ARM = Release|ARM
		Release|iPhone = Release|iPhone
		Release|iPhoneSimulator = Release|iPhoneSimulator
		Release|x64 = Release|x64
		Release|x86 = Release|x86
		Release-xml|Any CPU = Release-xml|Any CPU
		Release-xml|ARM = Release-xml|ARM
		Release-xml|iPhone = Release-xml|iPhone
		Release-xml|iPhoneSimulator = Release-xml|iPhoneSimulator
		Release-xml|x64 = Release-xml|x64
		Release-xml|x86 = Release-xml|x86
	EndGlobalSection
	GlobalSection(ProjectConfigurationPlatforms) = postSolution
		{4A944136-111C-40B9-AFE7-73B0B2FB64E0}.Ad-Hoc|Any CPU.ActiveCfg = Release|Any CPU
		{4A944136-111C-40B9-AFE7-73B0B2FB64E0}.Ad-Hoc|Any CPU.Build.0 = Release|Any CPU
		{4A944136-111C-40B9-AFE7-73B0B2FB64E0}.Ad-Hoc|Any CPU.Deploy.0 = Release|Any CPU
		{4A944136-111C-40B9-AFE7-73B0B2FB64E0}.Ad-Hoc|ARM.ActiveCfg = Release|Any CPU
		{4A944136-111C-40B9-AFE7-73B0B2FB64E0}.Ad-Hoc|ARM.Build.0 = Release|Any CPU
		{4A944136-111C-40B9-AFE7-73B0B2FB64E0}.Ad-Hoc|ARM.Deploy.0 = Release|Any CPU
		{4A944136-111C-40B9-AFE7-73B0B2FB64E0}.Ad-Hoc|iPhone.ActiveCfg = Release|Any CPU
		{4A944136-111C-40B9-AFE7-73B0B2FB64E0}.Ad-Hoc|iPhone.Build.0 = Release|Any CPU
		{4A944136-111C-40B9-AFE7-73B0B2FB64E0}.Ad-Hoc|iPhone.Deploy.0 = Release|Any CPU
		{4A944136-111C-40B9-AFE7-73B0B2FB64E0}.Ad-Hoc|iPhoneSimulator.ActiveCfg = Release|Any CPU
		{4A944136-111C-40B9-AFE7-73B0B2FB64E0}.Ad-Hoc|iPhoneSimulator.Build.0 = Release|Any CPU
		{4A944136-111C-40B9-AFE7-73B0B2FB64E0}.Ad-Hoc|iPhoneSimulator.Deploy.0 = Release|Any CPU
		{4A944136-111C-40B9-AFE7-73B0B2FB64E0}.Ad-Hoc|x64.ActiveCfg = Release|Any CPU
		{4A944136-111C-40B9-AFE7-73B0B2FB64E0}.Ad-Hoc|x64.Build.0 = Release|Any CPU
		{4A944136-111C-40B9-AFE7-73B0B2FB64E0}.Ad-Hoc|x64.Deploy.0 = Release|Any CPU
		{4A944136-111C-40B9-AFE7-73B0B2FB64E0}.Ad-Hoc|x86.ActiveCfg = Release|Any CPU
		{4A944136-111C-40B9-AFE7-73B0B2FB64E0}.Ad-Hoc|x86.Build.0 = Release|Any CPU
		{4A944136-111C-40B9-AFE7-73B0B2FB64E0}.Ad-Hoc|x86.Deploy.0 = Release|Any CPU
		{4A944136-111C-40B9-AFE7-73B0B2FB64E0}.AppStore|Any CPU.ActiveCfg = Release|Any CPU
		{4A944136-111C-40B9-AFE7-73B0B2FB64E0}.AppStore|Any CPU.Build.0 = Release|Any CPU
		{4A944136-111C-40B9-AFE7-73B0B2FB64E0}.AppStore|Any CPU.Deploy.0 = Release|Any CPU
		{4A944136-111C-40B9-AFE7-73B0B2FB64E0}.AppStore|ARM.ActiveCfg = Release|Any CPU
		{4A944136-111C-40B9-AFE7-73B0B2FB64E0}.AppStore|ARM.Build.0 = Release|Any CPU
		{4A944136-111C-40B9-AFE7-73B0B2FB64E0}.AppStore|ARM.Deploy.0 = Release|Any CPU
		{4A944136-111C-40B9-AFE7-73B0B2FB64E0}.AppStore|iPhone.ActiveCfg = Release|Any CPU
		{4A944136-111C-40B9-AFE7-73B0B2FB64E0}.AppStore|iPhone.Build.0 = Release|Any CPU
		{4A944136-111C-40B9-AFE7-73B0B2FB64E0}.AppStore|iPhone.Deploy.0 = Release|Any CPU
		{4A944136-111C-40B9-AFE7-73B0B2FB64E0}.AppStore|iPhoneSimulator.ActiveCfg = Release|Any CPU
		{4A944136-111C-40B9-AFE7-73B0B2FB64E0}.AppStore|iPhoneSimulator.Build.0 = Release|Any CPU
		{4A944136-111C-40B9-AFE7-73B0B2FB64E0}.AppStore|iPhoneSimulator.Deploy.0 = Release|Any CPU
		{4A944136-111C-40B9-AFE7-73B0B2FB64E0}.AppStore|x64.ActiveCfg = Release|Any CPU
		{4A944136-111C-40B9-AFE7-73B0B2FB64E0}.AppStore|x64.Build.0 = Release|Any CPU
		{4A944136-111C-40B9-AFE7-73B0B2FB64E0}.AppStore|x64.Deploy.0 = Release|Any CPU
		{4A944136-111C-40B9-AFE7-73B0B2FB64E0}.AppStore|x86.ActiveCfg = Release|Any CPU
		{4A944136-111C-40B9-AFE7-73B0B2FB64E0}.AppStore|x86.Build.0 = Release|Any CPU
		{4A944136-111C-40B9-AFE7-73B0B2FB64E0}.AppStore|x86.Deploy.0 = Release|Any CPU
		{4A944136-111C-40B9-AFE7-73B0B2FB64E0}.Debug|Any CPU.ActiveCfg = Debug|Any CPU
		{4A944136-111C-40B9-AFE7-73B0B2FB64E0}.Debug|Any CPU.Build.0 = Debug|Any CPU
		{4A944136-111C-40B9-AFE7-73B0B2FB64E0}.Debug|Any CPU.Deploy.0 = Debug|Any CPU
		{4A944136-111C-40B9-AFE7-73B0B2FB64E0}.Debug|ARM.ActiveCfg = Debug|Any CPU
		{4A944136-111C-40B9-AFE7-73B0B2FB64E0}.Debug|ARM.Build.0 = Debug|Any CPU
		{4A944136-111C-40B9-AFE7-73B0B2FB64E0}.Debug|ARM.Deploy.0 = Debug|Any CPU
		{4A944136-111C-40B9-AFE7-73B0B2FB64E0}.Debug|iPhone.ActiveCfg = Debug|Any CPU
		{4A944136-111C-40B9-AFE7-73B0B2FB64E0}.Debug|iPhone.Build.0 = Debug|Any CPU
		{4A944136-111C-40B9-AFE7-73B0B2FB64E0}.Debug|iPhone.Deploy.0 = Debug|Any CPU
		{4A944136-111C-40B9-AFE7-73B0B2FB64E0}.Debug|iPhoneSimulator.ActiveCfg = Debug|Any CPU
		{4A944136-111C-40B9-AFE7-73B0B2FB64E0}.Debug|iPhoneSimulator.Build.0 = Debug|Any CPU
		{4A944136-111C-40B9-AFE7-73B0B2FB64E0}.Debug|iPhoneSimulator.Deploy.0 = Debug|Any CPU
		{4A944136-111C-40B9-AFE7-73B0B2FB64E0}.Debug|x64.ActiveCfg = Debug|Any CPU
		{4A944136-111C-40B9-AFE7-73B0B2FB64E0}.Debug|x64.Build.0 = Debug|Any CPU
		{4A944136-111C-40B9-AFE7-73B0B2FB64E0}.Debug|x64.Deploy.0 = Debug|Any CPU
		{4A944136-111C-40B9-AFE7-73B0B2FB64E0}.Debug|x86.ActiveCfg = Debug|Any CPU
		{4A944136-111C-40B9-AFE7-73B0B2FB64E0}.Debug|x86.Build.0 = Debug|Any CPU
		{4A944136-111C-40B9-AFE7-73B0B2FB64E0}.Debug|x86.Deploy.0 = Debug|Any CPU
		{4A944136-111C-40B9-AFE7-73B0B2FB64E0}.Release|Any CPU.ActiveCfg = Release|Any CPU
		{4A944136-111C-40B9-AFE7-73B0B2FB64E0}.Release|Any CPU.Build.0 = Release|Any CPU
		{4A944136-111C-40B9-AFE7-73B0B2FB64E0}.Release|Any CPU.Deploy.0 = Release|Any CPU
		{4A944136-111C-40B9-AFE7-73B0B2FB64E0}.Release|ARM.ActiveCfg = Release|Any CPU
		{4A944136-111C-40B9-AFE7-73B0B2FB64E0}.Release|ARM.Build.0 = Release|Any CPU
		{4A944136-111C-40B9-AFE7-73B0B2FB64E0}.Release|ARM.Deploy.0 = Release|Any CPU
		{4A944136-111C-40B9-AFE7-73B0B2FB64E0}.Release|iPhone.ActiveCfg = Release|Any CPU
		{4A944136-111C-40B9-AFE7-73B0B2FB64E0}.Release|iPhone.Build.0 = Release|Any CPU
		{4A944136-111C-40B9-AFE7-73B0B2FB64E0}.Release|iPhone.Deploy.0 = Release|Any CPU
		{4A944136-111C-40B9-AFE7-73B0B2FB64E0}.Release|iPhoneSimulator.ActiveCfg = Release|Any CPU
		{4A944136-111C-40B9-AFE7-73B0B2FB64E0}.Release|iPhoneSimulator.Build.0 = Release|Any CPU
		{4A944136-111C-40B9-AFE7-73B0B2FB64E0}.Release|iPhoneSimulator.Deploy.0 = Release|Any CPU
		{4A944136-111C-40B9-AFE7-73B0B2FB64E0}.Release|x64.ActiveCfg = Release|Any CPU
		{4A944136-111C-40B9-AFE7-73B0B2FB64E0}.Release|x64.Build.0 = Release|Any CPU
		{4A944136-111C-40B9-AFE7-73B0B2FB64E0}.Release|x64.Deploy.0 = Release|Any CPU
		{4A944136-111C-40B9-AFE7-73B0B2FB64E0}.Release|x86.ActiveCfg = Release|Any CPU
		{4A944136-111C-40B9-AFE7-73B0B2FB64E0}.Release|x86.Build.0 = Release|Any CPU
		{4A944136-111C-40B9-AFE7-73B0B2FB64E0}.Release|x86.Deploy.0 = Release|Any CPU
		{4A944136-111C-40B9-AFE7-73B0B2FB64E0}.Release-xml|Any CPU.ActiveCfg = Release|Any CPU
		{4A944136-111C-40B9-AFE7-73B0B2FB64E0}.Release-xml|Any CPU.Build.0 = Release|Any CPU
		{4A944136-111C-40B9-AFE7-73B0B2FB64E0}.Release-xml|Any CPU.Deploy.0 = Release|Any CPU
		{4A944136-111C-40B9-AFE7-73B0B2FB64E0}.Release-xml|ARM.ActiveCfg = Release|Any CPU
		{4A944136-111C-40B9-AFE7-73B0B2FB64E0}.Release-xml|ARM.Build.0 = Release|Any CPU
		{4A944136-111C-40B9-AFE7-73B0B2FB64E0}.Release-xml|ARM.Deploy.0 = Release|Any CPU
		{4A944136-111C-40B9-AFE7-73B0B2FB64E0}.Release-xml|iPhone.ActiveCfg = Release|Any CPU
		{4A944136-111C-40B9-AFE7-73B0B2FB64E0}.Release-xml|iPhone.Build.0 = Release|Any CPU
		{4A944136-111C-40B9-AFE7-73B0B2FB64E0}.Release-xml|iPhone.Deploy.0 = Release|Any CPU
		{4A944136-111C-40B9-AFE7-73B0B2FB64E0}.Release-xml|iPhoneSimulator.ActiveCfg = Release|Any CPU
		{4A944136-111C-40B9-AFE7-73B0B2FB64E0}.Release-xml|iPhoneSimulator.Build.0 = Release|Any CPU
		{4A944136-111C-40B9-AFE7-73B0B2FB64E0}.Release-xml|iPhoneSimulator.Deploy.0 = Release|Any CPU
		{4A944136-111C-40B9-AFE7-73B0B2FB64E0}.Release-xml|x64.ActiveCfg = Release|Any CPU
		{4A944136-111C-40B9-AFE7-73B0B2FB64E0}.Release-xml|x64.Build.0 = Release|Any CPU
		{4A944136-111C-40B9-AFE7-73B0B2FB64E0}.Release-xml|x64.Deploy.0 = Release|Any CPU
		{4A944136-111C-40B9-AFE7-73B0B2FB64E0}.Release-xml|x86.ActiveCfg = Release|Any CPU
		{4A944136-111C-40B9-AFE7-73B0B2FB64E0}.Release-xml|x86.Build.0 = Release|Any CPU
		{4A944136-111C-40B9-AFE7-73B0B2FB64E0}.Release-xml|x86.Deploy.0 = Release|Any CPU
		{9263F5A7-0884-4284-A42C-A65F3EC53B30}.Ad-Hoc|Any CPU.ActiveCfg = Ad-Hoc|iPhone
		{9263F5A7-0884-4284-A42C-A65F3EC53B30}.Ad-Hoc|Any CPU.Build.0 = Ad-Hoc|iPhone
		{9263F5A7-0884-4284-A42C-A65F3EC53B30}.Ad-Hoc|Any CPU.Deploy.0 = Ad-Hoc|iPhone
		{9263F5A7-0884-4284-A42C-A65F3EC53B30}.Ad-Hoc|ARM.ActiveCfg = Ad-Hoc|iPhone
		{9263F5A7-0884-4284-A42C-A65F3EC53B30}.Ad-Hoc|ARM.Build.0 = Ad-Hoc|iPhone
		{9263F5A7-0884-4284-A42C-A65F3EC53B30}.Ad-Hoc|ARM.Deploy.0 = Ad-Hoc|iPhone
		{9263F5A7-0884-4284-A42C-A65F3EC53B30}.Ad-Hoc|iPhone.ActiveCfg = Ad-Hoc|iPhone
		{9263F5A7-0884-4284-A42C-A65F3EC53B30}.Ad-Hoc|iPhone.Build.0 = Ad-Hoc|iPhone
		{9263F5A7-0884-4284-A42C-A65F3EC53B30}.Ad-Hoc|iPhone.Deploy.0 = Ad-Hoc|iPhone
		{9263F5A7-0884-4284-A42C-A65F3EC53B30}.Ad-Hoc|iPhoneSimulator.ActiveCfg = Ad-Hoc|iPhoneSimulator
		{9263F5A7-0884-4284-A42C-A65F3EC53B30}.Ad-Hoc|iPhoneSimulator.Build.0 = Ad-Hoc|iPhoneSimulator
		{9263F5A7-0884-4284-A42C-A65F3EC53B30}.Ad-Hoc|iPhoneSimulator.Deploy.0 = Ad-Hoc|iPhoneSimulator
		{9263F5A7-0884-4284-A42C-A65F3EC53B30}.Ad-Hoc|x64.ActiveCfg = Ad-Hoc|iPhone
		{9263F5A7-0884-4284-A42C-A65F3EC53B30}.Ad-Hoc|x64.Build.0 = Ad-Hoc|iPhone
		{9263F5A7-0884-4284-A42C-A65F3EC53B30}.Ad-Hoc|x64.Deploy.0 = Ad-Hoc|iPhone
		{9263F5A7-0884-4284-A42C-A65F3EC53B30}.Ad-Hoc|x86.ActiveCfg = Ad-Hoc|iPhone
		{9263F5A7-0884-4284-A42C-A65F3EC53B30}.Ad-Hoc|x86.Build.0 = Ad-Hoc|iPhone
		{9263F5A7-0884-4284-A42C-A65F3EC53B30}.Ad-Hoc|x86.Deploy.0 = Ad-Hoc|iPhone
		{9263F5A7-0884-4284-A42C-A65F3EC53B30}.AppStore|Any CPU.ActiveCfg = AppStore|iPhone
		{9263F5A7-0884-4284-A42C-A65F3EC53B30}.AppStore|Any CPU.Build.0 = AppStore|iPhone
		{9263F5A7-0884-4284-A42C-A65F3EC53B30}.AppStore|Any CPU.Deploy.0 = AppStore|iPhone
		{9263F5A7-0884-4284-A42C-A65F3EC53B30}.AppStore|ARM.ActiveCfg = AppStore|iPhone
		{9263F5A7-0884-4284-A42C-A65F3EC53B30}.AppStore|ARM.Build.0 = AppStore|iPhone
		{9263F5A7-0884-4284-A42C-A65F3EC53B30}.AppStore|ARM.Deploy.0 = AppStore|iPhone
		{9263F5A7-0884-4284-A42C-A65F3EC53B30}.AppStore|iPhone.ActiveCfg = AppStore|iPhone
		{9263F5A7-0884-4284-A42C-A65F3EC53B30}.AppStore|iPhone.Build.0 = AppStore|iPhone
		{9263F5A7-0884-4284-A42C-A65F3EC53B30}.AppStore|iPhone.Deploy.0 = AppStore|iPhone
		{9263F5A7-0884-4284-A42C-A65F3EC53B30}.AppStore|iPhoneSimulator.ActiveCfg = AppStore|iPhoneSimulator
		{9263F5A7-0884-4284-A42C-A65F3EC53B30}.AppStore|iPhoneSimulator.Build.0 = AppStore|iPhoneSimulator
		{9263F5A7-0884-4284-A42C-A65F3EC53B30}.AppStore|iPhoneSimulator.Deploy.0 = AppStore|iPhoneSimulator
		{9263F5A7-0884-4284-A42C-A65F3EC53B30}.AppStore|x64.ActiveCfg = AppStore|iPhone
		{9263F5A7-0884-4284-A42C-A65F3EC53B30}.AppStore|x64.Build.0 = AppStore|iPhone
		{9263F5A7-0884-4284-A42C-A65F3EC53B30}.AppStore|x64.Deploy.0 = AppStore|iPhone
		{9263F5A7-0884-4284-A42C-A65F3EC53B30}.AppStore|x86.ActiveCfg = AppStore|iPhone
		{9263F5A7-0884-4284-A42C-A65F3EC53B30}.AppStore|x86.Build.0 = AppStore|iPhone
		{9263F5A7-0884-4284-A42C-A65F3EC53B30}.AppStore|x86.Deploy.0 = AppStore|iPhone
		{9263F5A7-0884-4284-A42C-A65F3EC53B30}.Debug|Any CPU.ActiveCfg = Debug|iPhoneSimulator
		{9263F5A7-0884-4284-A42C-A65F3EC53B30}.Debug|Any CPU.Build.0 = Debug|iPhoneSimulator
		{9263F5A7-0884-4284-A42C-A65F3EC53B30}.Debug|Any CPU.Deploy.0 = Debug|iPhoneSimulator
		{9263F5A7-0884-4284-A42C-A65F3EC53B30}.Debug|ARM.ActiveCfg = Debug|iPhone
		{9263F5A7-0884-4284-A42C-A65F3EC53B30}.Debug|ARM.Build.0 = Debug|iPhone
		{9263F5A7-0884-4284-A42C-A65F3EC53B30}.Debug|ARM.Deploy.0 = Debug|iPhone
		{9263F5A7-0884-4284-A42C-A65F3EC53B30}.Debug|iPhone.ActiveCfg = Debug|iPhone
		{9263F5A7-0884-4284-A42C-A65F3EC53B30}.Debug|iPhone.Build.0 = Debug|iPhone
		{9263F5A7-0884-4284-A42C-A65F3EC53B30}.Debug|iPhone.Deploy.0 = Debug|iPhone
		{9263F5A7-0884-4284-A42C-A65F3EC53B30}.Debug|iPhoneSimulator.ActiveCfg = Debug|iPhoneSimulator
		{9263F5A7-0884-4284-A42C-A65F3EC53B30}.Debug|iPhoneSimulator.Build.0 = Debug|iPhoneSimulator
		{9263F5A7-0884-4284-A42C-A65F3EC53B30}.Debug|iPhoneSimulator.Deploy.0 = Debug|iPhoneSimulator
		{9263F5A7-0884-4284-A42C-A65F3EC53B30}.Debug|x64.ActiveCfg = Debug|iPhone
		{9263F5A7-0884-4284-A42C-A65F3EC53B30}.Debug|x64.Build.0 = Debug|iPhone
		{9263F5A7-0884-4284-A42C-A65F3EC53B30}.Debug|x64.Deploy.0 = Debug|iPhone
		{9263F5A7-0884-4284-A42C-A65F3EC53B30}.Debug|x86.ActiveCfg = Debug|iPhone
		{9263F5A7-0884-4284-A42C-A65F3EC53B30}.Debug|x86.Build.0 = Debug|iPhone
		{9263F5A7-0884-4284-A42C-A65F3EC53B30}.Debug|x86.Deploy.0 = Debug|iPhone
		{9263F5A7-0884-4284-A42C-A65F3EC53B30}.Release|Any CPU.ActiveCfg = Release|iPhone
		{9263F5A7-0884-4284-A42C-A65F3EC53B30}.Release|Any CPU.Build.0 = Release|iPhone
		{9263F5A7-0884-4284-A42C-A65F3EC53B30}.Release|Any CPU.Deploy.0 = Release|iPhone
		{9263F5A7-0884-4284-A42C-A65F3EC53B30}.Release|ARM.ActiveCfg = Release|iPhone
		{9263F5A7-0884-4284-A42C-A65F3EC53B30}.Release|ARM.Build.0 = Release|iPhone
		{9263F5A7-0884-4284-A42C-A65F3EC53B30}.Release|ARM.Deploy.0 = Release|iPhone
		{9263F5A7-0884-4284-A42C-A65F3EC53B30}.Release|iPhone.ActiveCfg = Release|iPhone
		{9263F5A7-0884-4284-A42C-A65F3EC53B30}.Release|iPhone.Build.0 = Release|iPhone
		{9263F5A7-0884-4284-A42C-A65F3EC53B30}.Release|iPhone.Deploy.0 = Release|iPhone
		{9263F5A7-0884-4284-A42C-A65F3EC53B30}.Release|iPhoneSimulator.ActiveCfg = Release|iPhoneSimulator
		{9263F5A7-0884-4284-A42C-A65F3EC53B30}.Release|iPhoneSimulator.Build.0 = Release|iPhoneSimulator
		{9263F5A7-0884-4284-A42C-A65F3EC53B30}.Release|iPhoneSimulator.Deploy.0 = Release|iPhoneSimulator
		{9263F5A7-0884-4284-A42C-A65F3EC53B30}.Release|x64.ActiveCfg = Release|iPhone
		{9263F5A7-0884-4284-A42C-A65F3EC53B30}.Release|x64.Build.0 = Release|iPhone
		{9263F5A7-0884-4284-A42C-A65F3EC53B30}.Release|x64.Deploy.0 = Release|iPhone
		{9263F5A7-0884-4284-A42C-A65F3EC53B30}.Release|x86.ActiveCfg = Release|iPhone
		{9263F5A7-0884-4284-A42C-A65F3EC53B30}.Release|x86.Build.0 = Release|iPhone
		{9263F5A7-0884-4284-A42C-A65F3EC53B30}.Release|x86.Deploy.0 = Release|iPhone
		{9263F5A7-0884-4284-A42C-A65F3EC53B30}.Release-xml|Any CPU.ActiveCfg = Release|iPhoneSimulator
		{9263F5A7-0884-4284-A42C-A65F3EC53B30}.Release-xml|ARM.ActiveCfg = Release|iPhoneSimulator
		{9263F5A7-0884-4284-A42C-A65F3EC53B30}.Release-xml|iPhone.ActiveCfg = Release|iPhone
		{9263F5A7-0884-4284-A42C-A65F3EC53B30}.Release-xml|iPhoneSimulator.ActiveCfg = Release|iPhoneSimulator
		{9263F5A7-0884-4284-A42C-A65F3EC53B30}.Release-xml|x64.ActiveCfg = Release|iPhoneSimulator
		{9263F5A7-0884-4284-A42C-A65F3EC53B30}.Release-xml|x86.ActiveCfg = Release|iPhoneSimulator
		{962CA02A-CAC2-439E-BB41-59A0BB428A22}.Ad-Hoc|Any CPU.ActiveCfg = Release|x86
		{962CA02A-CAC2-439E-BB41-59A0BB428A22}.Ad-Hoc|Any CPU.Build.0 = Release|x86
		{962CA02A-CAC2-439E-BB41-59A0BB428A22}.Ad-Hoc|Any CPU.Deploy.0 = Release|x86
		{962CA02A-CAC2-439E-BB41-59A0BB428A22}.Ad-Hoc|ARM.ActiveCfg = Release|ARM
		{962CA02A-CAC2-439E-BB41-59A0BB428A22}.Ad-Hoc|ARM.Build.0 = Release|ARM
		{962CA02A-CAC2-439E-BB41-59A0BB428A22}.Ad-Hoc|ARM.Deploy.0 = Release|ARM
		{962CA02A-CAC2-439E-BB41-59A0BB428A22}.Ad-Hoc|iPhone.ActiveCfg = Release|x86
		{962CA02A-CAC2-439E-BB41-59A0BB428A22}.Ad-Hoc|iPhone.Build.0 = Release|x86
		{962CA02A-CAC2-439E-BB41-59A0BB428A22}.Ad-Hoc|iPhone.Deploy.0 = Release|x86
		{962CA02A-CAC2-439E-BB41-59A0BB428A22}.Ad-Hoc|iPhoneSimulator.ActiveCfg = Release|x86
		{962CA02A-CAC2-439E-BB41-59A0BB428A22}.Ad-Hoc|iPhoneSimulator.Build.0 = Release|x86
		{962CA02A-CAC2-439E-BB41-59A0BB428A22}.Ad-Hoc|iPhoneSimulator.Deploy.0 = Release|x86
		{962CA02A-CAC2-439E-BB41-59A0BB428A22}.Ad-Hoc|x64.ActiveCfg = Release|x64
		{962CA02A-CAC2-439E-BB41-59A0BB428A22}.Ad-Hoc|x64.Build.0 = Release|x64
		{962CA02A-CAC2-439E-BB41-59A0BB428A22}.Ad-Hoc|x64.Deploy.0 = Release|x64
		{962CA02A-CAC2-439E-BB41-59A0BB428A22}.Ad-Hoc|x86.ActiveCfg = Release|x86
		{962CA02A-CAC2-439E-BB41-59A0BB428A22}.Ad-Hoc|x86.Build.0 = Release|x86
		{962CA02A-CAC2-439E-BB41-59A0BB428A22}.Ad-Hoc|x86.Deploy.0 = Release|x86
		{962CA02A-CAC2-439E-BB41-59A0BB428A22}.AppStore|Any CPU.ActiveCfg = Release|x86
		{962CA02A-CAC2-439E-BB41-59A0BB428A22}.AppStore|Any CPU.Build.0 = Release|x86
		{962CA02A-CAC2-439E-BB41-59A0BB428A22}.AppStore|Any CPU.Deploy.0 = Release|x86
		{962CA02A-CAC2-439E-BB41-59A0BB428A22}.AppStore|ARM.ActiveCfg = Release|ARM
		{962CA02A-CAC2-439E-BB41-59A0BB428A22}.AppStore|ARM.Build.0 = Release|ARM
		{962CA02A-CAC2-439E-BB41-59A0BB428A22}.AppStore|ARM.Deploy.0 = Release|ARM
		{962CA02A-CAC2-439E-BB41-59A0BB428A22}.AppStore|iPhone.ActiveCfg = Release|x86
		{962CA02A-CAC2-439E-BB41-59A0BB428A22}.AppStore|iPhone.Build.0 = Release|x86
		{962CA02A-CAC2-439E-BB41-59A0BB428A22}.AppStore|iPhone.Deploy.0 = Release|x86
		{962CA02A-CAC2-439E-BB41-59A0BB428A22}.AppStore|iPhoneSimulator.ActiveCfg = Release|x86
		{962CA02A-CAC2-439E-BB41-59A0BB428A22}.AppStore|iPhoneSimulator.Build.0 = Release|x86
		{962CA02A-CAC2-439E-BB41-59A0BB428A22}.AppStore|iPhoneSimulator.Deploy.0 = Release|x86
		{962CA02A-CAC2-439E-BB41-59A0BB428A22}.AppStore|x64.ActiveCfg = Release|x64
		{962CA02A-CAC2-439E-BB41-59A0BB428A22}.AppStore|x64.Build.0 = Release|x64
		{962CA02A-CAC2-439E-BB41-59A0BB428A22}.AppStore|x64.Deploy.0 = Release|x64
		{962CA02A-CAC2-439E-BB41-59A0BB428A22}.AppStore|x86.ActiveCfg = Release|x86
		{962CA02A-CAC2-439E-BB41-59A0BB428A22}.AppStore|x86.Build.0 = Release|x86
		{962CA02A-CAC2-439E-BB41-59A0BB428A22}.AppStore|x86.Deploy.0 = Release|x86
		{962CA02A-CAC2-439E-BB41-59A0BB428A22}.Debug|Any CPU.ActiveCfg = Debug|x86
		{962CA02A-CAC2-439E-BB41-59A0BB428A22}.Debug|Any CPU.Build.0 = Debug|x86
		{962CA02A-CAC2-439E-BB41-59A0BB428A22}.Debug|Any CPU.Deploy.0 = Debug|x86
		{962CA02A-CAC2-439E-BB41-59A0BB428A22}.Debug|ARM.ActiveCfg = Debug|ARM
		{962CA02A-CAC2-439E-BB41-59A0BB428A22}.Debug|ARM.Build.0 = Debug|ARM
		{962CA02A-CAC2-439E-BB41-59A0BB428A22}.Debug|ARM.Deploy.0 = Debug|ARM
		{962CA02A-CAC2-439E-BB41-59A0BB428A22}.Debug|iPhone.ActiveCfg = Debug|x86
		{962CA02A-CAC2-439E-BB41-59A0BB428A22}.Debug|iPhone.Build.0 = Debug|x86
		{962CA02A-CAC2-439E-BB41-59A0BB428A22}.Debug|iPhone.Deploy.0 = Debug|x86
		{962CA02A-CAC2-439E-BB41-59A0BB428A22}.Debug|iPhoneSimulator.ActiveCfg = Debug|x86
		{962CA02A-CAC2-439E-BB41-59A0BB428A22}.Debug|iPhoneSimulator.Build.0 = Debug|x86
		{962CA02A-CAC2-439E-BB41-59A0BB428A22}.Debug|iPhoneSimulator.Deploy.0 = Debug|x86
		{962CA02A-CAC2-439E-BB41-59A0BB428A22}.Debug|x64.ActiveCfg = Debug|x64
		{962CA02A-CAC2-439E-BB41-59A0BB428A22}.Debug|x64.Build.0 = Debug|x64
		{962CA02A-CAC2-439E-BB41-59A0BB428A22}.Debug|x64.Deploy.0 = Debug|x64
		{962CA02A-CAC2-439E-BB41-59A0BB428A22}.Debug|x86.ActiveCfg = Debug|x86
		{962CA02A-CAC2-439E-BB41-59A0BB428A22}.Debug|x86.Build.0 = Debug|x86
		{962CA02A-CAC2-439E-BB41-59A0BB428A22}.Debug|x86.Deploy.0 = Debug|x86
		{962CA02A-CAC2-439E-BB41-59A0BB428A22}.Release|Any CPU.ActiveCfg = Release|x86
		{962CA02A-CAC2-439E-BB41-59A0BB428A22}.Release|Any CPU.Build.0 = Release|x86
		{962CA02A-CAC2-439E-BB41-59A0BB428A22}.Release|Any CPU.Deploy.0 = Release|x86
		{962CA02A-CAC2-439E-BB41-59A0BB428A22}.Release|ARM.ActiveCfg = Release|ARM
		{962CA02A-CAC2-439E-BB41-59A0BB428A22}.Release|ARM.Build.0 = Release|ARM
		{962CA02A-CAC2-439E-BB41-59A0BB428A22}.Release|ARM.Deploy.0 = Release|ARM
		{962CA02A-CAC2-439E-BB41-59A0BB428A22}.Release|iPhone.ActiveCfg = Release|x86
		{962CA02A-CAC2-439E-BB41-59A0BB428A22}.Release|iPhone.Build.0 = Release|x86
		{962CA02A-CAC2-439E-BB41-59A0BB428A22}.Release|iPhone.Deploy.0 = Release|x86
		{962CA02A-CAC2-439E-BB41-59A0BB428A22}.Release|iPhoneSimulator.ActiveCfg = Release|x86
		{962CA02A-CAC2-439E-BB41-59A0BB428A22}.Release|iPhoneSimulator.Build.0 = Release|x86
		{962CA02A-CAC2-439E-BB41-59A0BB428A22}.Release|iPhoneSimulator.Deploy.0 = Release|x86
		{962CA02A-CAC2-439E-BB41-59A0BB428A22}.Release|x64.ActiveCfg = Release|x64
		{962CA02A-CAC2-439E-BB41-59A0BB428A22}.Release|x64.Build.0 = Release|x64
		{962CA02A-CAC2-439E-BB41-59A0BB428A22}.Release|x64.Deploy.0 = Release|x64
		{962CA02A-CAC2-439E-BB41-59A0BB428A22}.Release|x86.ActiveCfg = Release|x86
		{962CA02A-CAC2-439E-BB41-59A0BB428A22}.Release|x86.Build.0 = Release|x86
		{962CA02A-CAC2-439E-BB41-59A0BB428A22}.Release|x86.Deploy.0 = Release|x86
		{962CA02A-CAC2-439E-BB41-59A0BB428A22}.Release-xml|Any CPU.ActiveCfg = Debug|x64
		{962CA02A-CAC2-439E-BB41-59A0BB428A22}.Release-xml|ARM.ActiveCfg = Release|ARM
		{962CA02A-CAC2-439E-BB41-59A0BB428A22}.Release-xml|iPhone.ActiveCfg = Debug|x64
		{962CA02A-CAC2-439E-BB41-59A0BB428A22}.Release-xml|iPhoneSimulator.ActiveCfg = Debug|x64
		{962CA02A-CAC2-439E-BB41-59A0BB428A22}.Release-xml|x64.ActiveCfg = Release|x64
		{962CA02A-CAC2-439E-BB41-59A0BB428A22}.Release-xml|x86.ActiveCfg = Release|x86
		{D029BD7A-FE1A-4E19-9D12-0452A8A614A4}.Ad-Hoc|Any CPU.ActiveCfg = Debug|Any CPU
		{D029BD7A-FE1A-4E19-9D12-0452A8A614A4}.Ad-Hoc|Any CPU.Build.0 = Debug|Any CPU
		{D029BD7A-FE1A-4E19-9D12-0452A8A614A4}.Ad-Hoc|Any CPU.Deploy.0 = Debug|Any CPU
		{D029BD7A-FE1A-4E19-9D12-0452A8A614A4}.Ad-Hoc|ARM.ActiveCfg = Debug|Any CPU
		{D029BD7A-FE1A-4E19-9D12-0452A8A614A4}.Ad-Hoc|ARM.Build.0 = Debug|Any CPU
		{D029BD7A-FE1A-4E19-9D12-0452A8A614A4}.Ad-Hoc|ARM.Deploy.0 = Debug|Any CPU
		{D029BD7A-FE1A-4E19-9D12-0452A8A614A4}.Ad-Hoc|iPhone.ActiveCfg = Debug|Any CPU
		{D029BD7A-FE1A-4E19-9D12-0452A8A614A4}.Ad-Hoc|iPhone.Build.0 = Debug|Any CPU
		{D029BD7A-FE1A-4E19-9D12-0452A8A614A4}.Ad-Hoc|iPhone.Deploy.0 = Debug|Any CPU
		{D029BD7A-FE1A-4E19-9D12-0452A8A614A4}.Ad-Hoc|iPhoneSimulator.ActiveCfg = Debug|Any CPU
		{D029BD7A-FE1A-4E19-9D12-0452A8A614A4}.Ad-Hoc|iPhoneSimulator.Build.0 = Debug|Any CPU
		{D029BD7A-FE1A-4E19-9D12-0452A8A614A4}.Ad-Hoc|iPhoneSimulator.Deploy.0 = Debug|Any CPU
		{D029BD7A-FE1A-4E19-9D12-0452A8A614A4}.Ad-Hoc|x64.ActiveCfg = Debug|Any CPU
		{D029BD7A-FE1A-4E19-9D12-0452A8A614A4}.Ad-Hoc|x64.Build.0 = Debug|Any CPU
		{D029BD7A-FE1A-4E19-9D12-0452A8A614A4}.Ad-Hoc|x64.Deploy.0 = Debug|Any CPU
		{D029BD7A-FE1A-4E19-9D12-0452A8A614A4}.Ad-Hoc|x86.ActiveCfg = Debug|Any CPU
		{D029BD7A-FE1A-4E19-9D12-0452A8A614A4}.Ad-Hoc|x86.Build.0 = Debug|Any CPU
		{D029BD7A-FE1A-4E19-9D12-0452A8A614A4}.Ad-Hoc|x86.Deploy.0 = Debug|Any CPU
		{D029BD7A-FE1A-4E19-9D12-0452A8A614A4}.AppStore|Any CPU.ActiveCfg = Debug|Any CPU
		{D029BD7A-FE1A-4E19-9D12-0452A8A614A4}.AppStore|Any CPU.Build.0 = Debug|Any CPU
		{D029BD7A-FE1A-4E19-9D12-0452A8A614A4}.AppStore|Any CPU.Deploy.0 = Debug|Any CPU
		{D029BD7A-FE1A-4E19-9D12-0452A8A614A4}.AppStore|ARM.ActiveCfg = Debug|Any CPU
		{D029BD7A-FE1A-4E19-9D12-0452A8A614A4}.AppStore|ARM.Build.0 = Debug|Any CPU
		{D029BD7A-FE1A-4E19-9D12-0452A8A614A4}.AppStore|ARM.Deploy.0 = Debug|Any CPU
		{D029BD7A-FE1A-4E19-9D12-0452A8A614A4}.AppStore|iPhone.ActiveCfg = Debug|Any CPU
		{D029BD7A-FE1A-4E19-9D12-0452A8A614A4}.AppStore|iPhone.Build.0 = Debug|Any CPU
		{D029BD7A-FE1A-4E19-9D12-0452A8A614A4}.AppStore|iPhone.Deploy.0 = Debug|Any CPU
		{D029BD7A-FE1A-4E19-9D12-0452A8A614A4}.AppStore|iPhoneSimulator.ActiveCfg = Debug|Any CPU
		{D029BD7A-FE1A-4E19-9D12-0452A8A614A4}.AppStore|iPhoneSimulator.Build.0 = Debug|Any CPU
		{D029BD7A-FE1A-4E19-9D12-0452A8A614A4}.AppStore|iPhoneSimulator.Deploy.0 = Debug|Any CPU
		{D029BD7A-FE1A-4E19-9D12-0452A8A614A4}.AppStore|x64.ActiveCfg = Debug|Any CPU
		{D029BD7A-FE1A-4E19-9D12-0452A8A614A4}.AppStore|x64.Build.0 = Debug|Any CPU
		{D029BD7A-FE1A-4E19-9D12-0452A8A614A4}.AppStore|x64.Deploy.0 = Debug|Any CPU
		{D029BD7A-FE1A-4E19-9D12-0452A8A614A4}.AppStore|x86.ActiveCfg = Debug|Any CPU
		{D029BD7A-FE1A-4E19-9D12-0452A8A614A4}.AppStore|x86.Build.0 = Debug|Any CPU
		{D029BD7A-FE1A-4E19-9D12-0452A8A614A4}.AppStore|x86.Deploy.0 = Debug|Any CPU
		{D029BD7A-FE1A-4E19-9D12-0452A8A614A4}.Debug|Any CPU.ActiveCfg = Debug|Any CPU
		{D029BD7A-FE1A-4E19-9D12-0452A8A614A4}.Debug|Any CPU.Build.0 = Debug|Any CPU
		{D029BD7A-FE1A-4E19-9D12-0452A8A614A4}.Debug|Any CPU.Deploy.0 = Debug|Any CPU
		{D029BD7A-FE1A-4E19-9D12-0452A8A614A4}.Debug|ARM.ActiveCfg = Debug|Any CPU
		{D029BD7A-FE1A-4E19-9D12-0452A8A614A4}.Debug|ARM.Build.0 = Debug|Any CPU
		{D029BD7A-FE1A-4E19-9D12-0452A8A614A4}.Debug|ARM.Deploy.0 = Debug|Any CPU
		{D029BD7A-FE1A-4E19-9D12-0452A8A614A4}.Debug|iPhone.ActiveCfg = Debug|Any CPU
		{D029BD7A-FE1A-4E19-9D12-0452A8A614A4}.Debug|iPhone.Build.0 = Debug|Any CPU
		{D029BD7A-FE1A-4E19-9D12-0452A8A614A4}.Debug|iPhone.Deploy.0 = Debug|Any CPU
		{D029BD7A-FE1A-4E19-9D12-0452A8A614A4}.Debug|iPhoneSimulator.ActiveCfg = Debug|Any CPU
		{D029BD7A-FE1A-4E19-9D12-0452A8A614A4}.Debug|iPhoneSimulator.Build.0 = Debug|Any CPU
		{D029BD7A-FE1A-4E19-9D12-0452A8A614A4}.Debug|iPhoneSimulator.Deploy.0 = Debug|Any CPU
		{D029BD7A-FE1A-4E19-9D12-0452A8A614A4}.Debug|x64.ActiveCfg = Debug|Any CPU
		{D029BD7A-FE1A-4E19-9D12-0452A8A614A4}.Debug|x64.Build.0 = Debug|Any CPU
		{D029BD7A-FE1A-4E19-9D12-0452A8A614A4}.Debug|x64.Deploy.0 = Debug|Any CPU
		{D029BD7A-FE1A-4E19-9D12-0452A8A614A4}.Debug|x86.ActiveCfg = Debug|Any CPU
		{D029BD7A-FE1A-4E19-9D12-0452A8A614A4}.Debug|x86.Build.0 = Debug|Any CPU
		{D029BD7A-FE1A-4E19-9D12-0452A8A614A4}.Debug|x86.Deploy.0 = Debug|Any CPU
		{D029BD7A-FE1A-4E19-9D12-0452A8A614A4}.Release|Any CPU.ActiveCfg = Release|Any CPU
		{D029BD7A-FE1A-4E19-9D12-0452A8A614A4}.Release|Any CPU.Build.0 = Release|Any CPU
		{D029BD7A-FE1A-4E19-9D12-0452A8A614A4}.Release|Any CPU.Deploy.0 = Release|Any CPU
		{D029BD7A-FE1A-4E19-9D12-0452A8A614A4}.Release|ARM.ActiveCfg = Release|Any CPU
		{D029BD7A-FE1A-4E19-9D12-0452A8A614A4}.Release|ARM.Build.0 = Release|Any CPU
		{D029BD7A-FE1A-4E19-9D12-0452A8A614A4}.Release|ARM.Deploy.0 = Release|Any CPU
		{D029BD7A-FE1A-4E19-9D12-0452A8A614A4}.Release|iPhone.ActiveCfg = Release|Any CPU
		{D029BD7A-FE1A-4E19-9D12-0452A8A614A4}.Release|iPhone.Build.0 = Release|Any CPU
		{D029BD7A-FE1A-4E19-9D12-0452A8A614A4}.Release|iPhone.Deploy.0 = Release|Any CPU
		{D029BD7A-FE1A-4E19-9D12-0452A8A614A4}.Release|iPhoneSimulator.ActiveCfg = Release|Any CPU
		{D029BD7A-FE1A-4E19-9D12-0452A8A614A4}.Release|iPhoneSimulator.Build.0 = Release|Any CPU
		{D029BD7A-FE1A-4E19-9D12-0452A8A614A4}.Release|iPhoneSimulator.Deploy.0 = Release|Any CPU
		{D029BD7A-FE1A-4E19-9D12-0452A8A614A4}.Release|x64.ActiveCfg = Release|Any CPU
		{D029BD7A-FE1A-4E19-9D12-0452A8A614A4}.Release|x64.Build.0 = Release|Any CPU
		{D029BD7A-FE1A-4E19-9D12-0452A8A614A4}.Release|x64.Deploy.0 = Release|Any CPU
		{D029BD7A-FE1A-4E19-9D12-0452A8A614A4}.Release|x86.ActiveCfg = Release|Any CPU
		{D029BD7A-FE1A-4E19-9D12-0452A8A614A4}.Release|x86.Build.0 = Release|Any CPU
		{D029BD7A-FE1A-4E19-9D12-0452A8A614A4}.Release|x86.Deploy.0 = Release|Any CPU
		{D029BD7A-FE1A-4E19-9D12-0452A8A614A4}.Release-xml|Any CPU.ActiveCfg = Release|Any CPU
		{D029BD7A-FE1A-4E19-9D12-0452A8A614A4}.Release-xml|Any CPU.Build.0 = Release|Any CPU
		{D029BD7A-FE1A-4E19-9D12-0452A8A614A4}.Release-xml|ARM.ActiveCfg = Release|Any CPU
		{D029BD7A-FE1A-4E19-9D12-0452A8A614A4}.Release-xml|ARM.Build.0 = Release|Any CPU
		{D029BD7A-FE1A-4E19-9D12-0452A8A614A4}.Release-xml|iPhone.ActiveCfg = Release|Any CPU
		{D029BD7A-FE1A-4E19-9D12-0452A8A614A4}.Release-xml|iPhone.Build.0 = Release|Any CPU
		{D029BD7A-FE1A-4E19-9D12-0452A8A614A4}.Release-xml|iPhoneSimulator.ActiveCfg = Release|Any CPU
		{D029BD7A-FE1A-4E19-9D12-0452A8A614A4}.Release-xml|iPhoneSimulator.Build.0 = Release|Any CPU
		{D029BD7A-FE1A-4E19-9D12-0452A8A614A4}.Release-xml|x64.ActiveCfg = Release|Any CPU
		{D029BD7A-FE1A-4E19-9D12-0452A8A614A4}.Release-xml|x64.Build.0 = Release|Any CPU
		{D029BD7A-FE1A-4E19-9D12-0452A8A614A4}.Release-xml|x86.ActiveCfg = Release|Any CPU
		{D029BD7A-FE1A-4E19-9D12-0452A8A614A4}.Release-xml|x86.Build.0 = Release|Any CPU
	EndGlobalSection
	GlobalSection(SolutionProperties) = preSolution
		HideSolutionNode = FALSE
	EndGlobalSection
	GlobalSection(ExtensibilityGlobals) = postSolution
		SolutionGuid = {1DE35DCD-C32D-44DF-B8CA-DD05654AA215}
	EndGlobalSection
EndGlobal
